
Microsoft Visual Studio Solution File, Format Version 12.00
# Visual Studio Version 16
VisualStudioVersion = 16.0.30413.136
MinimumVisualStudioVersion = 10.0.40219.1
Project("{FAE04EC0-301F-11D3-BF4B-00C04F79EFBC}") = "Security", "Security\Security.csproj", "{FC82A2D0-81C1-4E46-B777-748770F04CDD}"
EndProject
Global
	GlobalSection(SolutionConfigurationPlatforms) = preSolution
		Debug|Any CPU = Debug|Any CPU
		Release|Any CPU = Release|Any CPU
	EndGlobalSection
	GlobalSection(ProjectConfigurationPlatforms) = postSolution
		{FC82A2D0-81C1-4E46-B777-748770F04CDD}.Debug|Any CPU.ActiveCfg = Debug|Any CPU
		{FC82A2D0-81C1-4E46-B777-748770F04CDD}.Debug|Any CPU.Build.0 = Debug|Any CPU
		{FC82A2D0-81C1-4E46-B777-748770F04CDD}.Release|Any CPU.ActiveCfg = Release|Any CPU
		{FC82A2D0-81C1-4E46-B777-748770F04CDD}.Release|Any CPU.Build.0 = Release|Any CPU
	EndGlobalSection
	GlobalSection(SolutionProperties) = preSolution
		HideSolutionNode = FALSE
	EndGlobalSection
	GlobalSection(ExtensibilityGlobals) = postSolution
		SolutionGuid = {867D6D56-F9C1-4E86-B860-EC70BB9E5854}
	EndGlobalSection
EndGlobal
